
Microsoft Visual Studio Solution File, Format Version 12.00
# Visual Studio Version 16
VisualStudioVersion = 16.0.30804.86
MinimumVisualStudioVersion = 10.0.40219.1
Project("{FAE04EC0-301F-11D3-BF4B-00C04F79EFBC}") = "Hahn.ApplicatonProcess.Application", "Hahn.ApplicatonProcess.Application.csproj", "{5C5D2705-7041-46DF-B4E2-09372B253334}"
EndProject
Global
	GlobalSection(SolutionConfigurationPlatforms) = preSolution
		Debug|Any CPU = Debug|Any CPU
		Release|Any CPU = Release|Any CPU
	EndGlobalSection
	GlobalSection(ProjectConfigurationPlatforms) = postSolution
		{5C5D2705-7041-46DF-B4E2-09372B253334}.Debug|Any CPU.ActiveCfg = Debug|Any CPU
		{5C5D2705-7041-46DF-B4E2-09372B253334}.Debug|Any CPU.Build.0 = Debug|Any CPU
		{5C5D2705-7041-46DF-B4E2-09372B253334}.Release|Any CPU.ActiveCfg = Release|Any CPU
		{5C5D2705-7041-46DF-B4E2-09372B253334}.Release|Any CPU.Build.0 = Release|Any CPU
	EndGlobalSection
	GlobalSection(SolutionProperties) = preSolution
		HideSolutionNode = FALSE
	EndGlobalSection
	GlobalSection(ExtensibilityGlobals) = postSolution
		SolutionGuid = {E17D6921-19D4-4261-93EE-7EC43823085E}
	EndGlobalSection
EndGlobal
